
Microsoft Visual Studio Solution File, Format Version 12.00
# Visual Studio Version 16
VisualStudioVersion = 16.0.30503.244
MinimumVisualStudioVersion = 10.0.40219.1
Project("{2150E333-8FDC-42A3-9474-1A3956D46DE8}") = "Cafe", "Cafe", "{9668F74F-6417-4445-8042-0EA8213EE9EE}"
EndProject
Project("{2150E333-8FDC-42A3-9474-1A3956D46DE8}") = "Claims", "Claims", "{192B9DB8-B03E-497D-AF50-419DD2AFF873}"
EndProject
Project("{2150E333-8FDC-42A3-9474-1A3956D46DE8}") = "Badges", "Badges", "{EA430D1B-3561-496A-BADA-F9364F4046F5}"
EndProject
Project("{FAE04EC0-301F-11D3-BF4B-00C04F79EFBC}") = "Cafe_Console_App", "Cafe_Console_App\Cafe_Console_App.csproj", "{0B4B020D-C095-44A4-AED3-FC8846880342}"
EndProject
Project("{FAE04EC0-301F-11D3-BF4B-00C04F79EFBC}") = "Claims_Console_App", "Claims_Console_App\Claims_Console_App.csproj", "{572D03F0-3455-4D6C-A0FB-17B8AC7CA0E9}"
EndProject
Project("{FAE04EC0-301F-11D3-BF4B-00C04F79EFBC}") = "Badges_Console_App", "Badges_Console_App\Badges_Console_App.csproj", "{5D325B9F-45AD-4821-9F83-19D6BB7E91EC}"
EndProject
Project("{FAE04EC0-301F-11D3-BF4B-00C04F79EFBC}") = "Cafe_Repository_Tests", "Cafe_Tests\Cafe_Repository_Tests.csproj", "{64C77BBD-49FC-4116-A8C7-7742C440D272}"
EndProject
Project("{FAE04EC0-301F-11D3-BF4B-00C04F79EFBC}") = "Claims_Repository_Tests", "Claims_Tests\Claims_Repository_Tests.csproj", "{70245B11-E169-4C03-9FEB-86FAB07C8B82}"
EndProject
Project("{FAE04EC0-301F-11D3-BF4B-00C04F79EFBC}") = "Badges_Repository_Tests", "Badges_Tests\Badges_Repository_Tests.csproj", "{EB51B21C-4A96-4C28-967B-CA902E806E3F}"
EndProject
Project("{FAE04EC0-301F-11D3-BF4B-00C04F79EFBC}") = "Cafe_Repository", "Cafe_Repository\Cafe_Repository.csproj", "{57CDE44A-2F55-4C70-B295-EB5429588F4E}"
EndProject
Project("{FAE04EC0-301F-11D3-BF4B-00C04F79EFBC}") = "Claim_Repository", "Claim_Repository\Claim_Repository.csproj", "{D0DB0122-F3A5-4130-A0B2-14106C394E26}"
EndProject
Project("{FAE04EC0-301F-11D3-BF4B-00C04F79EFBC}") = "Badges_Repository", "Badges_Repository\Badges_Repository.csproj", "{6065087F-3703-41FC-84C3-B8CBB3385343}"
EndProject
Global
	GlobalSection(SolutionConfigurationPlatforms) = preSolution
		Debug|Any CPU = Debug|Any CPU
		Release|Any CPU = Release|Any CPU
	EndGlobalSection
	GlobalSection(ProjectConfigurationPlatforms) = postSolution
		{0B4B020D-C095-44A4-AED3-FC8846880342}.Debug|Any CPU.ActiveCfg = Debug|Any CPU
		{0B4B020D-C095-44A4-AED3-FC8846880342}.Debug|Any CPU.Build.0 = Debug|Any CPU
		{0B4B020D-C095-44A4-AED3-FC8846880342}.Release|Any CPU.ActiveCfg = Release|Any CPU
		{0B4B020D-C095-44A4-AED3-FC8846880342}.Release|Any CPU.Build.0 = Release|Any CPU
		{572D03F0-3455-4D6C-A0FB-17B8AC7CA0E9}.Debug|Any CPU.ActiveCfg = Debug|Any CPU
		{572D03F0-3455-4D6C-A0FB-17B8AC7CA0E9}.Debug|Any CPU.Build.0 = Debug|Any CPU
		{572D03F0-3455-4D6C-A0FB-17B8AC7CA0E9}.Release|Any CPU.ActiveCfg = Release|Any CPU
		{572D03F0-3455-4D6C-A0FB-17B8AC7CA0E9}.Release|Any CPU.Build.0 = Release|Any CPU
		{5D325B9F-45AD-4821-9F83-19D6BB7E91EC}.Debug|Any CPU.ActiveCfg = Debug|Any CPU
		{5D325B9F-45AD-4821-9F83-19D6BB7E91EC}.Debug|Any CPU.Build.0 = Debug|Any CPU
		{5D325B9F-45AD-4821-9F83-19D6BB7E91EC}.Release|Any CPU.ActiveCfg = Release|Any CPU
		{5D325B9F-45AD-4821-9F83-19D6BB7E91EC}.Release|Any CPU.Build.0 = Release|Any CPU
		{64C77BBD-49FC-4116-A8C7-7742C440D272}.Debug|Any CPU.ActiveCfg = Debug|Any CPU
		{64C77BBD-49FC-4116-A8C7-7742C440D272}.Debug|Any CPU.Build.0 = Debug|Any CPU
		{64C77BBD-49FC-4116-A8C7-7742C440D272}.Release|Any CPU.ActiveCfg = Release|Any CPU
		{64C77BBD-49FC-4116-A8C7-7742C440D272}.Release|Any CPU.Build.0 = Release|Any CPU
		{70245B11-E169-4C03-9FEB-86FAB07C8B82}.Debug|Any CPU.ActiveCfg = Debug|Any CPU
		{70245B11-E169-4C03-9FEB-86FAB07C8B82}.Debug|Any CPU.Build.0 = Debug|Any CPU
		{70245B11-E169-4C03-9FEB-86FAB07C8B82}.Release|Any CPU.ActiveCfg = Release|Any CPU
		{70245B11-E169-4C03-9FEB-86FAB07C8B82}.Release|Any CPU.Build.0 = Release|Any CPU
		{EB51B21C-4A96-4C28-967B-CA902E806E3F}.Debug|Any CPU.ActiveCfg = Debug|Any CPU
		{EB51B21C-4A96-4C28-967B-CA902E806E3F}.Debug|Any CPU.Build.0 = Debug|Any CPU
		{EB51B21C-4A96-4C28-967B-CA902E806E3F}.Release|Any CPU.ActiveCfg = Release|Any CPU
		{EB51B21C-4A96-4C28-967B-CA902E806E3F}.Release|Any CPU.Build.0 = Release|Any CPU
		{57CDE44A-2F55-4C70-B295-EB5429588F4E}.Debug|Any CPU.ActiveCfg = Debug|Any CPU
		{57CDE44A-2F55-4C70-B295-EB5429588F4E}.Debug|Any CPU.Build.0 = Debug|Any CPU
		{57CDE44A-2F55-4C70-B295-EB5429588F4E}.Release|Any CPU.ActiveCfg = Release|Any CPU
		{57CDE44A-2F55-4C70-B295-EB5429588F4E}.Release|Any CPU.Build.0 = Release|Any CPU
		{D0DB0122-F3A5-4130-A0B2-14106C394E26}.Debug|Any CPU.ActiveCfg = Debug|Any CPU
		{D0DB0122-F3A5-4130-A0B2-14106C394E26}.Debug|Any CPU.Build.0 = Debug|Any CPU
		{D0DB0122-F3A5-4130-A0B2-14106C394E26}.Release|Any CPU.ActiveCfg = Release|Any CPU
		{D0DB0122-F3A5-4130-A0B2-14106C394E26}.Release|Any CPU.Build.0 = Release|Any CPU
		{6065087F-3703-41FC-84C3-B8CBB3385343}.Debug|Any CPU.ActiveCfg = Debug|Any CPU
		{6065087F-3703-41FC-84C3-B8CBB3385343}.Debug|Any CPU.Build.0 = Debug|Any CPU
		{6065087F-3703-41FC-84C3-B8CBB3385343}.Release|Any CPU.ActiveCfg = Release|Any CPU
		{6065087F-3703-41FC-84C3-B8CBB3385343}.Release|Any CPU.Build.0 = Release|Any CPU
	EndGlobalSection
	GlobalSection(SolutionProperties) = preSolution
		HideSolutionNode = FALSE
	EndGlobalSection
	GlobalSection(NestedProjects) = preSolution
		{0B4B020D-C095-44A4-AED3-FC8846880342} = {9668F74F-6417-4445-8042-0EA8213EE9EE}
		{572D03F0-3455-4D6C-A0FB-17B8AC7CA0E9} = {192B9DB8-B03E-497D-AF50-419DD2AFF873}
		{5D325B9F-45AD-4821-9F83-19D6BB7E91EC} = {EA430D1B-3561-496A-BADA-F9364F4046F5}
		{64C77BBD-49FC-4116-A8C7-7742C440D272} = {9668F74F-6417-4445-8042-0EA8213EE9EE}
		{70245B11-E169-4C03-9FEB-86FAB07C8B82} = {192B9DB8-B03E-497D-AF50-419DD2AFF873}
		{EB51B21C-4A96-4C28-967B-CA902E806E3F} = {EA430D1B-3561-496A-BADA-F9364F4046F5}
		{57CDE44A-2F55-4C70-B295-EB5429588F4E} = {9668F74F-6417-4445-8042-0EA8213EE9EE}
		{D0DB0122-F3A5-4130-A0B2-14106C394E26} = {192B9DB8-B03E-497D-AF50-419DD2AFF873}
		{6065087F-3703-41FC-84C3-B8CBB3385343} = {EA430D1B-3561-496A-BADA-F9364F4046F5}
	EndGlobalSection
	GlobalSection(ExtensibilityGlobals) = postSolution
		SolutionGuid = {B604CF93-6CE3-485F-B267-40C418356D70}
	EndGlobalSection
EndGlobal
